
Microsoft Visual Studio Solution File, Format Version 12.00
# Visual Studio Version 16
VisualStudioVersion = 16.0.28803.352
MinimumVisualStudioVersion = 10.0.40219.1
Project("{FAE04EC0-301F-11D3-BF4B-00C04F79EFBC}") = "websocket", "websocket.csproj", "{6CBE7448-C00F-4D82-A74D-679E74D06C0C}"
EndProject
Global
	GlobalSection(SolutionConfigurationPlatforms) = preSolution
		Debug|Any CPU = Debug|Any CPU
		Release|Any CPU = Release|Any CPU
	EndGlobalSection
	GlobalSection(ProjectConfigurationPlatforms) = postSolution
		{6CBE7448-C00F-4D82-A74D-679E74D06C0C}.Debug|Any CPU.ActiveCfg = Debug|Any CPU
		{6CBE7448-C00F-4D82-A74D-679E74D06C0C}.Debug|Any CPU.Build.0 = Debug|Any CPU
		{6CBE7448-C00F-4D82-A74D-679E74D06C0C}.Release|Any CPU.ActiveCfg = Release|Any CPU
		{6CBE7448-C00F-4D82-A74D-679E74D06C0C}.Release|Any CPU.Build.0 = Release|Any CPU
	EndGlobalSection
	GlobalSection(SolutionProperties) = preSolution
		HideSolutionNode = FALSE
	EndGlobalSection
	GlobalSection(ExtensibilityGlobals) = postSolution
		SolutionGuid = {3E199361-A520-4225-A9C4-87318298B6FA}
	EndGlobalSection
EndGlobal
